// !$*UTF8*$!
{
	archiveVersion = 1;
	classes = {
	};
	objectVersion = 55;
	objects = {

/* Begin PBXBuildFile section */
		14CBD93128B68434002ABDBD /* AppDelegate.swift in Sources */ = {isa = PBXBuildFile; fileRef = 14CBD93028B68434002ABDBD /* AppDelegate.swift */; };
		14CBD93328B68434002ABDBD /* SceneDelegate.swift in Sources */ = {isa = PBXBuildFile; fileRef = 14CBD93228B68434002ABDBD /* SceneDelegate.swift */; };
		14CBD93A28B68436002ABDBD /* Assets.xcassets in Resources */ = {isa = PBXBuildFile; fileRef = 14CBD93928B68436002ABDBD /* Assets.xcassets */; };
		14CBD93D28B68436002ABDBD /* LaunchScreen.storyboard in Resources */ = {isa = PBXBuildFile; fileRef = 14CBD93B28B68436002ABDBD /* LaunchScreen.storyboard */; };
		14CBD94E28B689BE002ABDBD /* Navigator.swift in Sources */ = {isa = PBXBuildFile; fileRef = 14CBD94D28B689BE002ABDBD /* Navigator.swift */; };
		14CBD95028B689CF002ABDBD /* Assembler.swift in Sources */ = {isa = PBXBuildFile; fileRef = 14CBD94F28B689CF002ABDBD /* Assembler.swift */; };
		14CBD95228B689EC002ABDBD /* Networking.swift in Sources */ = {isa = PBXBuildFile; fileRef = 14CBD95128B689EC002ABDBD /* Networking.swift */; };
		14CBD95528B6A520002ABDBD /* Futurama.swift in Sources */ = {isa = PBXBuildFile; fileRef = 14CBD95428B6A520002ABDBD /* Futurama.swift */; };
		14CBD95828B6B5B6002ABDBD /* FuturamaVC.swift in Sources */ = {isa = PBXBuildFile; fileRef = 14CBD95628B6B5B6002ABDBD /* FuturamaVC.swift */; };
		14CBD95928B6B5B6002ABDBD /* FuturamaVC.xib in Resources */ = {isa = PBXBuildFile; fileRef = 14CBD95728B6B5B6002ABDBD /* FuturamaVC.xib */; };
		14CBD95E28B6B637002ABDBD /* NewHeroVC.swift in Sources */ = {isa = PBXBuildFile; fileRef = 14CBD95C28B6B637002ABDBD /* NewHeroVC.swift */; };
		14CBD95F28B6B637002ABDBD /* NewHeroVC.xib in Resources */ = {isa = PBXBuildFile; fileRef = 14CBD95D28B6B637002ABDBD /* NewHeroVC.xib */; };
		14CBD96128B6B651002ABDBD /* NewHeroPresenter.swift in Sources */ = {isa = PBXBuildFile; fileRef = 14CBD96028B6B651002ABDBD /* NewHeroPresenter.swift */; };
		14CBD96328B6B65F002ABDBD /* FuturamaPresenter.swift in Sources */ = {isa = PBXBuildFile; fileRef = 14CBD96228B6B65F002ABDBD /* FuturamaPresenter.swift */; };
		14CBD96728B6B962002ABDBD /* FuturamaCell.swift in Sources */ = {isa = PBXBuildFile; fileRef = 14CBD96528B6B962002ABDBD /* FuturamaCell.swift */; };
		14CBD96828B6B962002ABDBD /* FuturamaCell.xib in Resources */ = {isa = PBXBuildFile; fileRef = 14CBD96628B6B962002ABDBD /* FuturamaCell.xib */; };
/* End PBXBuildFile section */

/* Begin PBXFileReference section */
		14CBD92D28B68434002ABDBD /* Lesson11_03_API.app */ = {isa = PBXFileReference; explicitFileType = wrapper.application; includeInIndex = 0; path = Lesson11_03_API.app; sourceTree = BUILT_PRODUCTS_DIR; };
		14CBD93028B68434002ABDBD /* AppDelegate.swift */ = {isa = PBXFileReference; lastKnownFileType = sourcecode.swift; path = AppDelegate.swift; sourceTree = "<group>"; };
		14CBD93228B68434002ABDBD /* SceneDelegate.swift */ = {isa = PBXFileReference; lastKnownFileType = sourcecode.swift; path = SceneDelegate.swift; sourceTree = "<group>"; };
		14CBD93928B68436002ABDBD /* Assets.xcassets */ = {isa = PBXFileReference; lastKnownFileType = folder.assetcatalog; path = Assets.xcassets; sourceTree = "<group>"; };
		14CBD93C28B68436002ABDBD /* Base */ = {isa = PBXFileReference; lastKnownFileType = file.storyboard; name = Base; path = Base.lproj/LaunchScreen.storyboard; sourceTree = "<group>"; };
		14CBD93E28B68436002ABDBD /* Info.plist */ = {isa = PBXFileReference; lastKnownFileType = text.plist.xml; path = Info.plist; sourceTree = "<group>"; };
		14CBD94D28B689BE002ABDBD /* Navigator.swift */ = {isa = PBXFileReference; lastKnownFileType = sourcecode.swift; path = Navigator.swift; sourceTree = "<group>"; };
		14CBD94F28B689CF002ABDBD /* Assembler.swift */ = {isa = PBXFileReference; lastKnownFileType = sourcecode.swift; path = Assembler.swift; sourceTree = "<group>"; };
		14CBD95128B689EC002ABDBD /* Networking.swift */ = {isa = PBXFileReference; lastKnownFileType = sourcecode.swift; path = Networking.swift; sourceTree = "<group>"; };
		14CBD95428B6A520002ABDBD /* Futurama.swift */ = {isa = PBXFileReference; lastKnownFileType = sourcecode.swift; path = Futurama.swift; sourceTree = "<group>"; };
		14CBD95628B6B5B6002ABDBD /* FuturamaVC.swift */ = {isa = PBXFileReference; lastKnownFileType = sourcecode.swift; path = FuturamaVC.swift; sourceTree = "<group>"; };
		14CBD95728B6B5B6002ABDBD /* FuturamaVC.xib */ = {isa = PBXFileReference; lastKnownFileType = file.xib; path = FuturamaVC.xib; sourceTree = "<group>"; };
		14CBD95C28B6B637002ABDBD /* NewHeroVC.swift */ = {isa = PBXFileReference; lastKnownFileType = sourcecode.swift; path = NewHeroVC.swift; sourceTree = "<group>"; };
		14CBD95D28B6B637002ABDBD /* NewHeroVC.xib */ = {isa = PBXFileReference; lastKnownFileType = file.xib; path = NewHeroVC.xib; sourceTree = "<group>"; };
		14CBD96028B6B651002ABDBD /* NewHeroPresenter.swift */ = {isa = PBXFileReference; lastKnownFileType = sourcecode.swift; path = NewHeroPresenter.swift; sourceTree = "<group>"; };
		14CBD96228B6B65F002ABDBD /* FuturamaPresenter.swift */ = {isa = PBXFileReference; lastKnownFileType = sourcecode.swift; path = FuturamaPresenter.swift; sourceTree = "<group>"; };
		14CBD96528B6B962002ABDBD /* FuturamaCell.swift */ = {isa = PBXFileReference; lastKnownFileType = sourcecode.swift; path = FuturamaCell.swift; sourceTree = "<group>"; };
		14CBD96628B6B962002ABDBD /* FuturamaCell.xib */ = {isa = PBXFileReference; lastKnownFileType = file.xib; path = FuturamaCell.xib; sourceTree = "<group>"; };
/* End PBXFileReference section */

/* Begin PBXFrameworksBuildPhase section */
		14CBD92A28B68434002ABDBD /* Frameworks */ = {
			isa = PBXFrameworksBuildPhase;
			buildActionMask = 2147483647;
			files = (
			);
			runOnlyForDeploymentPostprocessing = 0;
		};
/* End PBXFrameworksBuildPhase section */

/* Begin PBXGroup section */
		14CBD92428B68434002ABDBD = {
			isa = PBXGroup;
			children = (
				14CBD92F28B68434002ABDBD /* Lesson11_03_API */,
				14CBD92E28B68434002ABDBD /* Products */,
			);
			sourceTree = "<group>";
		};
		14CBD92E28B68434002ABDBD /* Products */ = {
			isa = PBXGroup;
			children = (
				14CBD92D28B68434002ABDBD /* Lesson11_03_API.app */,
			);
			name = Products;
			sourceTree = "<group>";
		};
		14CBD92F28B68434002ABDBD /* Lesson11_03_API */ = {
			isa = PBXGroup;
			children = (
				14CBD95328B6A508002ABDBD /* Model */,
				14CBD94928B6854D002ABDBD /* Source */,
				14CBD94828B68535002ABDBD /* SupportFiles */,
				14CBD94728B6852A002ABDBD /* Storyboard */,
				14CBD94628B68520002ABDBD /* Screens */,
				14CBD94528B68510002ABDBD /* Services */,
			);
			path = Lesson11_03_API;
			sourceTree = "<group>";
		};
		14CBD94528B68510002ABDBD /* Services */ = {
			isa = PBXGroup;
			children = (
				14CBD94C28B689A9002ABDBD /* Networking */,
				14CBD94B28B68992002ABDBD /* Navigator */,
			);
			path = Services;
			sourceTree = "<group>";
		};
		14CBD94628B68520002ABDBD /* Screens */ = {
			isa = PBXGroup;
			children = (
				14CBD95B28B6B610002ABDBD /* NewHeroVC */,
				14CBD95A28B6B5BE002ABDBD /* FuturamaVC */,
			);
			path = Screens;
			sourceTree = "<group>";
		};
		14CBD94728B6852A002ABDBD /* Storyboard */ = {
			isa = PBXGroup;
			children = (
				14CBD93B28B68436002ABDBD /* LaunchScreen.storyboard */,
			);
			path = Storyboard;
			sourceTree = "<group>";
		};
		14CBD94828B68535002ABDBD /* SupportFiles */ = {
			isa = PBXGroup;
			children = (
				14CBD93E28B68436002ABDBD /* Info.plist */,
				14CBD93228B68434002ABDBD /* SceneDelegate.swift */,
				14CBD93028B68434002ABDBD /* AppDelegate.swift */,
			);
			path = SupportFiles;
			sourceTree = "<group>";
		};
		14CBD94928B6854D002ABDBD /* Source */ = {
			isa = PBXGroup;
			children = (
				14CBD93928B68436002ABDBD /* Assets.xcassets */,
			);
			path = Source;
			sourceTree = "<group>";
		};
		14CBD94B28B68992002ABDBD /* Navigator */ = {
			isa = PBXGroup;
			children = (
				14CBD94D28B689BE002ABDBD /* Navigator.swift */,
				14CBD94F28B689CF002ABDBD /* Assembler.swift */,
			);
			path = Navigator;
			sourceTree = "<group>";
		};
		14CBD94C28B689A9002ABDBD /* Networking */ = {
			isa = PBXGroup;
			children = (
				14CBD95128B689EC002ABDBD /* Networking.swift */,
			);
			path = Networking;
			sourceTree = "<group>";
		};
		14CBD95328B6A508002ABDBD /* Model */ = {
			isa = PBXGroup;
			children = (
				14CBD95428B6A520002ABDBD /* Futurama.swift */,
			);
			path = Model;
			sourceTree = "<group>";
		};
		14CBD95A28B6B5BE002ABDBD /* FuturamaVC */ = {
			isa = PBXGroup;
			children = (
				14CBD96428B6B930002ABDBD /* FuturamaCell */,
				14CBD95728B6B5B6002ABDBD /* FuturamaVC.xib */,
				14CBD95628B6B5B6002ABDBD /* FuturamaVC.swift */,
				14CBD96228B6B65F002ABDBD /* FuturamaPresenter.swift */,
			);
			path = FuturamaVC;
			sourceTree = "<group>";
		};
		14CBD95B28B6B610002ABDBD /* NewHeroVC */ = {
			isa = PBXGroup;
			children = (
				14CBD95C28B6B637002ABDBD /* NewHeroVC.swift */,
				14CBD95D28B6B637002ABDBD /* NewHeroVC.xib */,
				14CBD96028B6B651002ABDBD /* NewHeroPresenter.swift */,
			);
			path = NewHeroVC;
			sourceTree = "<group>";
		};
		14CBD96428B6B930002ABDBD /* FuturamaCell */ = {
			isa = PBXGroup;
			children = (
				14CBD96528B6B962002ABDBD /* FuturamaCell.swift */,
				14CBD96628B6B962002ABDBD /* FuturamaCell.xib */,
			);
			path = FuturamaCell;
			sourceTree = "<group>";
		};
/* End PBXGroup section */

/* Begin PBXNativeTarget section */
		14CBD92C28B68434002ABDBD /* Lesson11_03_API */ = {
			isa = PBXNativeTarget;
			buildConfigurationList = 14CBD94128B68436002ABDBD /* Build configuration list for PBXNativeTarget "Lesson11_03_API" */;
			buildPhases = (
				14CBD92928B68434002ABDBD /* Sources */,
				14CBD92A28B68434002ABDBD /* Frameworks */,
				14CBD92B28B68434002ABDBD /* Resources */,
			);
			buildRules = (
			);
			dependencies = (
			);
			name = Lesson11_03_API;
			productName = Lesson11_03_API;
			productReference = 14CBD92D28B68434002ABDBD /* Lesson11_03_API.app */;
			productType = "com.apple.product-type.application";
		};
/* End PBXNativeTarget section */

/* Begin PBXProject section */
		14CBD92528B68434002ABDBD /* Project object */ = {
			isa = PBXProject;
			attributes = {
				BuildIndependentTargetsInParallel = 1;
				LastSwiftUpdateCheck = 1320;
				LastUpgradeCheck = 1320;
				TargetAttributes = {
					14CBD92C28B68434002ABDBD = {
						CreatedOnToolsVersion = 13.2.1;
					};
				};
			};
			buildConfigurationList = 14CBD92828B68434002ABDBD /* Build configuration list for PBXProject "Lesson11_03_API" */;
			compatibilityVersion = "Xcode 13.0";
			developmentRegion = en;
			hasScannedForEncodings = 0;
			knownRegions = (
				en,
				Base,
			);
			mainGroup = 14CBD92428B68434002ABDBD;
			productRefGroup = 14CBD92E28B68434002ABDBD /* Products */;
			projectDirPath = "";
			projectRoot = "";
			targets = (
				14CBD92C28B68434002ABDBD /* Lesson11_03_API */,
			);
		};
/* End PBXProject section */

/* Begin PBXResourcesBuildPhase section */
		14CBD92B28B68434002ABDBD /* Resources */ = {
			isa = PBXResourcesBuildPhase;
			buildActionMask = 2147483647;
			files = (
				14CBD95928B6B5B6002ABDBD /* FuturamaVC.xib in Resources */,
				14CBD93D28B68436002ABDBD /* LaunchScreen.storyboard in Resources */,
				14CBD93A28B68436002ABDBD /* Assets.xcassets in Resources */,
				14CBD95F28B6B637002ABDBD /* NewHeroVC.xib in Resources */,
				14CBD96828B6B962002ABDBD /* FuturamaCell.xib in Resources */,
			);
			runOnlyForDeploymentPostprocessing = 0;
		};
/* End PBXResourcesBuildPhase section */

/* Begin PBXSourcesBuildPhase section */
		14CBD92928B68434002ABDBD /* Sources */ = {
			isa = PBXSourcesBuildPhase;
			buildActionMask = 2147483647;
			files = (
				14CBD95828B6B5B6002ABDBD /* FuturamaVC.swift in Sources */,
				14CBD96328B6B65F002ABDBD /* FuturamaPresenter.swift in Sources */,
				14CBD95528B6A520002ABDBD /* Futurama.swift in Sources */,
				14CBD95028B689CF002ABDBD /* Assembler.swift in Sources */,
				14CBD96728B6B962002ABDBD /* FuturamaCell.swift in Sources */,
				14CBD95E28B6B637002ABDBD /* NewHeroVC.swift in Sources */,
				14CBD95228B689EC002ABDBD /* Networking.swift in Sources */,
				14CBD93128B68434002ABDBD /* AppDelegate.swift in Sources */,
				14CBD93328B68434002ABDBD /* SceneDelegate.swift in Sources */,
				14CBD94E28B689BE002ABDBD /* Navigator.swift in Sources */,
				14CBD96128B6B651002ABDBD /* NewHeroPresenter.swift in Sources */,
			);
			runOnlyForDeploymentPostprocessing = 0;
		};
/* End PBXSourcesBuildPhase section */

/* Begin PBXVariantGroup section */
		14CBD93B28B68436002ABDBD /* LaunchScreen.storyboard */ = {
			isa = PBXVariantGroup;
			children = (
				14CBD93C28B68436002ABDBD /* Base */,
			);
			name = LaunchScreen.storyboard;
			sourceTree = "<group>";
		};
/* End PBXVariantGroup section */

/* Begin XCBuildConfiguration section */
		14CBD93F28B68436002ABDBD /* Debug */ = {
			isa = XCBuildConfiguration;
			buildSettings = {
				ALWAYS_SEARCH_USER_PATHS = NO;
				CLANG_ANALYZER_NONNULL = YES;
				CLANG_ANALYZER_NUMBER_OBJECT_CONVERSION = YES_AGGRESSIVE;
				CLANG_CXX_LANGUAGE_STANDARD = "gnu++17";
				CLANG_CXX_LIBRARY = "libc++";
				CLANG_ENABLE_MODULES = YES;
				CLANG_ENABLE_OBJC_ARC = YES;
				CLANG_ENABLE_OBJC_WEAK = YES;
				CLANG_WARN_BLOCK_CAPTURE_AUTORELEASING = YES;
				CLANG_WARN_BOOL_CONVERSION = YES;
				CLANG_WARN_COMMA = YES;
				CLANG_WARN_CONSTANT_CONVERSION = YES;
				CLANG_WARN_DEPRECATED_OBJC_IMPLEMENTATIONS = YES;
				CLANG_WARN_DIRECT_OBJC_ISA_USAGE = YES_ERROR;
				CLANG_WARN_DOCUMENTATION_COMMENTS = YES;
				CLANG_WARN_EMPTY_BODY = YES;
				CLANG_WARN_ENUM_CONVERSION = YES;
				CLANG_WARN_INFINITE_RECURSION = YES;
				CLANG_WARN_INT_CONVERSION = YES;
				CLANG_WARN_NON_LITERAL_NULL_CONVERSION = YES;
				CLANG_WARN_OBJC_IMPLICIT_RETAIN_SELF = YES;
				CLANG_WARN_OBJC_LITERAL_CONVERSION = YES;
				CLANG_WARN_OBJC_ROOT_CLASS = YES_ERROR;
				CLANG_WARN_QUOTED_INCLUDE_IN_FRAMEWORK_HEADER = YES;
				CLANG_WARN_RANGE_LOOP_ANALYSIS = YES;
				CLANG_WARN_STRICT_PROTOTYPES = YES;
				CLANG_WARN_SUSPICIOUS_MOVE = YES;
				CLANG_WARN_UNGUARDED_AVAILABILITY = YES_AGGRESSIVE;
				CLANG_WARN_UNREACHABLE_CODE = YES;
				CLANG_WARN__DUPLICATE_METHOD_MATCH = YES;
				COPY_PHASE_STRIP = NO;
				DEBUG_INFORMATION_FORMAT = dwarf;
				ENABLE_STRICT_OBJC_MSGSEND = YES;
				ENABLE_TESTABILITY = YES;
				GCC_C_LANGUAGE_STANDARD = gnu11;
				GCC_DYNAMIC_NO_PIC = NO;
				GCC_NO_COMMON_BLOCKS = YES;
				GCC_OPTIMIZATION_LEVEL = 0;
				GCC_PREPROCESSOR_DEFINITIONS = (
					"DEBUG=1",
					"$(inherited)",
				);
				GCC_WARN_64_TO_32_BIT_CONVERSION = YES;
				GCC_WARN_ABOUT_RETURN_TYPE = YES_ERROR;
				GCC_WARN_UNDECLARED_SELECTOR = YES;
				GCC_WARN_UNINITIALIZED_AUTOS = YES_AGGRESSIVE;
				GCC_WARN_UNUSED_FUNCTION = YES;
				GCC_WARN_UNUSED_VARIABLE = YES;
				IPHONEOS_DEPLOYMENT_TARGET = 15.2;
				MTL_ENABLE_DEBUG_INFO = INCLUDE_SOURCE;
				MTL_FAST_MATH = YES;
				ONLY_ACTIVE_ARCH = YES;
				SDKROOT = iphoneos;
				SWIFT_ACTIVE_COMPILATION_CONDITIONS = DEBUG;
				SWIFT_OPTIMIZATION_LEVEL = "-Onone";
			};
			name = Debug;
		};
		14CBD94028B68436002ABDBD /* Release */ = {
			isa = XCBuildConfiguration;
			buildSettings = {
				ALWAYS_SEARCH_USER_PATHS = NO;
				CLANG_ANALYZER_NONNULL = YES;
				CLANG_ANALYZER_NUMBER_OBJECT_CONVERSION = YES_AGGRESSIVE;
				CLANG_CXX_LANGUAGE_STANDARD = "gnu++17";
				CLANG_CXX_LIBRARY = "libc++";
				CLANG_ENABLE_MODULES = YES;
				CLANG_ENABLE_OBJC_ARC = YES;
				CLANG_ENABLE_OBJC_WEAK = YES;
				CLANG_WARN_BLOCK_CAPTURE_AUTORELEASING = YES;
				CLANG_WARN_BOOL_CONVERSION = YES;
				CLANG_WARN_COMMA = YES;
				CLANG_WARN_CONSTANT_CONVERSION = YES;
				CLANG_WARN_DEPRECATED_OBJC_IMPLEMENTATIONS = YES;
				CLANG_WARN_DIRECT_OBJC_ISA_USAGE = YES_ERROR;
				CLANG_WARN_DOCUMENTATION_COMMENTS = YES;
				CLANG_WARN_EMPTY_BODY = YES;
				CLANG_WARN_ENUM_CONVERSION = YES;
				CLANG_WARN_INFINITE_RECURSION = YES;
				CLANG_WARN_INT_CONVERSION = YES;
				CLANG_WARN_NON_LITERAL_NULL_CONVERSION = YES;
				CLANG_WARN_OBJC_IMPLICIT_RETAIN_SELF = YES;
				CLANG_WARN_OBJC_LITERAL_CONVERSION = YES;
				CLANG_WARN_OBJC_ROOT_CLASS = YES_ERROR;
				CLANG_WARN_QUOTED_INCLUDE_IN_FRAMEWORK_HEADER = YES;
				CLANG_WARN_RANGE_LOOP_ANALYSIS = YES;
				CLANG_WARN_STRICT_PROTOTYPES = YES;
				CLANG_WARN_SUSPICIOUS_MOVE = YES;
				CLANG_WARN_UNGUARDED_AVAILABILITY = YES_AGGRESSIVE;
				CLANG_WARN_UNREACHABLE_CODE = YES;
				CLANG_WARN__DUPLICATE_METHOD_MATCH = YES;
				COPY_PHASE_STRIP = NO;
				DEBUG_INFORMATION_FORMAT = "dwarf-with-dsym";
				ENABLE_NS_ASSERTIONS = NO;
				ENABLE_STRICT_OBJC_MSGSEND = YES;
				GCC_C_LANGUAGE_STANDARD = gnu11;
				GCC_NO_COMMON_BLOCKS = YES;
				GCC_WARN_64_TO_32_BIT_CONVERSION = YES;
				GCC_WARN_ABOUT_RETURN_TYPE = YES_ERROR;
				GCC_WARN_UNDECLARED_SELECTOR = YES;
				GCC_WARN_UNINITIALIZED_AUTOS = YES_AGGRESSIVE;
				GCC_WARN_UNUSED_FUNCTION = YES;
				GCC_WARN_UNUSED_VARIABLE = YES;
				IPHONEOS_DEPLOYMENT_TARGET = 15.2;
				MTL_ENABLE_DEBUG_INFO = NO;
				MTL_FAST_MATH = YES;
				SDKROOT = iphoneos;
				SWIFT_COMPILATION_MODE = wholemodule;
				SWIFT_OPTIMIZATION_LEVEL = "-O";
				VALIDATE_PRODUCT = YES;
			};
			name = Release;
		};
		14CBD94228B68436002ABDBD /* Debug */ = {
			isa = XCBuildConfiguration;
			buildSettings = {
				ASSETCATALOG_COMPILER_APPICON_NAME = AppIcon;
				ASSETCATALOG_COMPILER_GLOBAL_ACCENT_COLOR_NAME = AccentColor;
				CODE_SIGN_STYLE = Automatic;
				CURRENT_PROJECT_VERSION = 1;
				DEVELOPMENT_TEAM = 4U5S5LAP79;
				GENERATE_INFOPLIST_FILE = YES;
				INFOPLIST_FILE = Lesson11_03_API/SupportFiles/Info.plist;
				INFOPLIST_KEY_UIApplicationSupportsIndirectInputEvents = YES;
				INFOPLIST_KEY_UILaunchStoryboardName = LaunchScreen;
				INFOPLIST_KEY_UISupportedInterfaceOrientations_iPad = "UIInterfaceOrientationPortrait UIInterfaceOrientationPortraitUpsideDown UIInterfaceOrientationLandscapeLeft UIInterfaceOrientationLandscapeRight";
				INFOPLIST_KEY_UISupportedInterfaceOrientations_iPhone = "UIInterfaceOrientationPortrait UIInterfaceOrientationLandscapeLeft UIInterfaceOrientationLandscapeRight";
				LD_RUNPATH_SEARCH_PATHS = (
					"$(inherited)",
					"@executable_path/Frameworks",
				);
				MARKETING_VERSION = 1.0;
				PRODUCT_BUNDLE_IDENTIFIER = "lesson1.Lesson11-03-API";
				PRODUCT_NAME = "$(TARGET_NAME)";
				SWIFT_EMIT_LOC_STRINGS = YES;
				SWIFT_VERSION = 5.0;
				TARGETED_DEVICE_FAMILY = "1,2";
			};
			name = Debug;
		};
		14CBD94328B68436002ABDBD /* Release */ = {
			isa = XCBuildConfiguration;
			buildSettings = {
				ASSETCATALOG_COMPILER_APPICON_NAME = AppIcon;
				ASSETCATALOG_COMPILER_GLOBAL_ACCENT_COLOR_NAME = AccentColor;
				CODE_SIGN_STYLE = Automatic;
				CURRENT_PROJECT_VERSION = 1;
				DEVELOPMENT_TEAM = 4U5S5LAP79;
				GENERATE_INFOPLIST_FILE = YES;
				INFOPLIST_FILE = Lesson11_03_API/SupportFiles/Info.plist;
				INFOPLIST_KEY_UIApplicationSupportsIndirectInputEvents = YES;
				INFOPLIST_KEY_UILaunchStoryboardName = LaunchScreen;
				INFOPLIST_KEY_UISupportedInterfaceOrientations_iPad = "UIInterfaceOrientationPortrait UIInterfaceOrientationPortraitUpsideDown UIInterfaceOrientationLandscapeLeft UIInterfaceOrientationLandscapeRight";
				INFOPLIST_KEY_UISupportedInterfaceOrientations_iPhone = "UIInterfaceOrientationPortrait UIInterfaceOrientationLandscapeLeft UIInterfaceOrientationLandscapeRight";
				LD_RUNPATH_SEARCH_PATHS = (
					"$(inherited)",
					"@executable_path/Frameworks",
				);
				MARKETING_VERSION = 1.0;
				PRODUCT_BUNDLE_IDENTIFIER = "lesson1.Lesson11-03-API";
				PRODUCT_NAME = "$(TARGET_NAME)";
				SWIFT_EMIT_LOC_STRINGS = YES;
				SWIFT_VERSION = 5.0;
				TARGETED_DEVICE_FAMILY = "1,2";
			};
			name = Release;
		};
/* End XCBuildConfiguration section */

/* Begin XCConfigurationList section */
		14CBD92828B68434002ABDBD /* Build configuration list for PBXProject "Lesson11_03_API" */ = {
			isa = XCConfigurationList;
			buildConfigurations = (
				14CBD93F28B68436002ABDBD /* Debug */,
				14CBD94028B68436002ABDBD /* Release */,
			);
			defaultConfigurationIsVisible = 0;
			defaultConfigurationName = Release;
		};
		14CBD94128B68436002ABDBD /* Build configuration list for PBXNativeTarget "Lesson11_03_API" */ = {
			isa = XCConfigurationList;
			buildConfigurations = (
				14CBD94228B68436002ABDBD /* Debug */,
				14CBD94328B68436002ABDBD /* Release */,
			);
			defaultConfigurationIsVisible = 0;
			defaultConfigurationName = Release;
		};
/* End XCConfigurationList section */
	};
	rootObject = 14CBD92528B68434002ABDBD /* Project object */;
}
